
Microsoft Visual Studio Solution File, Format Version 12.00
# Visual Studio Version 16
VisualStudioVersion = 16.0.29001.49
MinimumVisualStudioVersion = 10.0.40219.1
Project("{9A19103F-16F7-4668-BE54-9A1E7A4F7556}") = "LookOn.Domain", "src\LookOn.Domain\LookOn.Domain.csproj", "{554AD327-6DBA-4F8F-96F8-81CE7A0C863F}"
EndProject
Project("{9A19103F-16F7-4668-BE54-9A1E7A4F7556}") = "LookOn.Application", "src\LookOn.Application\LookOn.Application.csproj", "{1A94A50E-06DC-43C1-80B5-B662820EC3EB}"
EndProject
Project("{2150E333-8FDC-42A3-9474-1A3956D46DE8}") = "src", "src", "{CA9AC87F-097E-4F15-8393-4BC07735A5B0}"
EndProject
Project("{9A19103F-16F7-4668-BE54-9A1E7A4F7556}") = "LookOn.MongoDB", "src\LookOn.MongoDB\LookOn.MongoDB.csproj", "{E3444355-D47E-431E-BDD0-DD3A7113B2AE}"
EndProject
Project("{9A19103F-16F7-4668-BE54-9A1E7A4F7556}") = "LookOn.Domain.Shared", "src\LookOn.Domain.Shared\LookOn.Domain.Shared.csproj", "{42F719ED-8413-4895-B5B4-5AB56079BC66}"
EndProject
Project("{9A19103F-16F7-4668-BE54-9A1E7A4F7556}") = "LookOn.Application.Contracts", "src\LookOn.Application.Contracts\LookOn.Application.Contracts.csproj", "{520659C8-C734-4298-A3DA-B539DB9DFC0B}"
EndProject
Project("{9A19103F-16F7-4668-BE54-9A1E7A4F7556}") = "LookOn.HttpApi", "src\LookOn.HttpApi\LookOn.HttpApi.csproj", "{4164BDF7-F527-4E85-9CE6-E3C2D7426A27}"
EndProject
Project("{9A19103F-16F7-4668-BE54-9A1E7A4F7556}") = "LookOn.HttpApi.Client", "src\LookOn.HttpApi.Client\LookOn.HttpApi.Client.csproj", "{3B5A0094-670D-4BB1-BFDD-61B88A8773DC}"
EndProject
Project("{9A19103F-16F7-4668-BE54-9A1E7A4F7556}") = "LookOn.Web", "src\LookOn.Web\LookOn.Web.csproj", "{6FE54035-9C11-4702-A5E2-D16F23101468}"
EndProject
Project("{9A19103F-16F7-4668-BE54-9A1E7A4F7556}") = "LookOn.IdentityServer", "src\LookOn.IdentityServer\LookOn.IdentityServer.csproj", "{073C361E-B8F4-49F5-93CC-72A3FF49C026}"
EndProject
Project("{9A19103F-16F7-4668-BE54-9A1E7A4F7556}") = "LookOn.HttpApi.Host", "src\LookOn.HttpApi.Host\LookOn.HttpApi.Host.csproj", "{E6D5BF0E-DE92-4D82-A352-EF04B37CB11C}"
EndProject
Project("{9A19103F-16F7-4668-BE54-9A1E7A4F7556}") = "LookOn.DbMigrator", "src\LookOn.DbMigrator\LookOn.DbMigrator.csproj", "{70680696-BB1E-4383-BCB2-42C3767171FB}"
EndProject
Project("{FAE04EC0-301F-11D3-BF4B-00C04F79EFBC}") = "LookOn.Core", "src\LookOn.Core\LookOn.Core.csproj", "{CDD1C811-6065-4E57-A345-E2A56D2D0572}"
EndProject
Project("{FAE04EC0-301F-11D3-BF4B-00C04F79EFBC}") = "LookOn.Jobs", "src\LookOn.Jobs\LookOn.Jobs.csproj", "{1C1668AB-0C62-45B8-95D7-D81C212C68C2}"
EndProject
Project("{2150E333-8FDC-42A3-9474-1A3956D46DE8}") = "integrations", "integrations", "{B5CC8424-1492-49E9-8103-B0946B52A35A}"
EndProject
Project("{FAE04EC0-301F-11D3-BF4B-00C04F79EFBC}") = "LookOn.Integrations.Datalytis", "src\integrations\LookOn.Integrations.Datalytis\LookOn.Integrations.Datalytis.csproj", "{DB9A436A-255C-4FAD-9F3E-FF4D3268069F}"
EndProject
Project("{FAE04EC0-301F-11D3-BF4B-00C04F79EFBC}") = "LookOn.Console.Dev", "src\LookOn.Console.Dev\LookOn.Console.Dev.csproj", "{F161F375-0F90-4CFA-9D47-178706E2BB51}"
EndProject
Project("{FAE04EC0-301F-11D3-BF4B-00C04F79EFBC}") = "LookOn.Integrations.Haravan", "src\integrations\LookOn.Integrations.Haravan\LookOn.Integrations.Haravan.csproj", "{6E1D95F0-0D1D-430D-A61B-EA79D2B527F6}"
EndProject
Global
	GlobalSection(SolutionConfigurationPlatforms) = preSolution
		Debug|Any CPU = Debug|Any CPU
		Release|Any CPU = Release|Any CPU
	EndGlobalSection
	GlobalSection(ProjectConfigurationPlatforms) = postSolution
		{554AD327-6DBA-4F8F-96F8-81CE7A0C863F}.Debug|Any CPU.ActiveCfg = Debug|Any CPU
		{554AD327-6DBA-4F8F-96F8-81CE7A0C863F}.Debug|Any CPU.Build.0 = Debug|Any CPU
		{554AD327-6DBA-4F8F-96F8-81CE7A0C863F}.Release|Any CPU.ActiveCfg = Release|Any CPU
		{554AD327-6DBA-4F8F-96F8-81CE7A0C863F}.Release|Any CPU.Build.0 = Release|Any CPU
		{1A94A50E-06DC-43C1-80B5-B662820EC3EB}.Debug|Any CPU.ActiveCfg = Debug|Any CPU
		{1A94A50E-06DC-43C1-80B5-B662820EC3EB}.Debug|Any CPU.Build.0 = Debug|Any CPU
		{1A94A50E-06DC-43C1-80B5-B662820EC3EB}.Release|Any CPU.ActiveCfg = Release|Any CPU
		{1A94A50E-06DC-43C1-80B5-B662820EC3EB}.Release|Any CPU.Build.0 = Release|Any CPU
		{E3444355-D47E-431E-BDD0-DD3A7113B2AE}.Debug|Any CPU.ActiveCfg = Debug|Any CPU
		{E3444355-D47E-431E-BDD0-DD3A7113B2AE}.Debug|Any CPU.Build.0 = Debug|Any CPU
		{E3444355-D47E-431E-BDD0-DD3A7113B2AE}.Release|Any CPU.ActiveCfg = Release|Any CPU
		{E3444355-D47E-431E-BDD0-DD3A7113B2AE}.Release|Any CPU.Build.0 = Release|Any CPU
		{42F719ED-8413-4895-B5B4-5AB56079BC66}.Debug|Any CPU.ActiveCfg = Debug|Any CPU
		{42F719ED-8413-4895-B5B4-5AB56079BC66}.Debug|Any CPU.Build.0 = Debug|Any CPU
		{42F719ED-8413-4895-B5B4-5AB56079BC66}.Release|Any CPU.ActiveCfg = Release|Any CPU
		{42F719ED-8413-4895-B5B4-5AB56079BC66}.Release|Any CPU.Build.0 = Release|Any CPU
		{520659C8-C734-4298-A3DA-B539DB9DFC0B}.Debug|Any CPU.ActiveCfg = Debug|Any CPU
		{520659C8-C734-4298-A3DA-B539DB9DFC0B}.Debug|Any CPU.Build.0 = Debug|Any CPU
		{520659C8-C734-4298-A3DA-B539DB9DFC0B}.Release|Any CPU.ActiveCfg = Release|Any CPU
		{520659C8-C734-4298-A3DA-B539DB9DFC0B}.Release|Any CPU.Build.0 = Release|Any CPU
		{4164BDF7-F527-4E85-9CE6-E3C2D7426A27}.Debug|Any CPU.ActiveCfg = Debug|Any CPU
		{4164BDF7-F527-4E85-9CE6-E3C2D7426A27}.Debug|Any CPU.Build.0 = Debug|Any CPU
		{4164BDF7-F527-4E85-9CE6-E3C2D7426A27}.Release|Any CPU.ActiveCfg = Release|Any CPU
		{4164BDF7-F527-4E85-9CE6-E3C2D7426A27}.Release|Any CPU.Build.0 = Release|Any CPU
		{3B5A0094-670D-4BB1-BFDD-61B88A8773DC}.Debug|Any CPU.ActiveCfg = Debug|Any CPU
		{3B5A0094-670D-4BB1-BFDD-61B88A8773DC}.Debug|Any CPU.Build.0 = Debug|Any CPU
		{3B5A0094-670D-4BB1-BFDD-61B88A8773DC}.Release|Any CPU.ActiveCfg = Release|Any CPU
		{3B5A0094-670D-4BB1-BFDD-61B88A8773DC}.Release|Any CPU.Build.0 = Release|Any CPU
		{6FE54035-9C11-4702-A5E2-D16F23101468}.Debug|Any CPU.ActiveCfg = Debug|Any CPU
		{6FE54035-9C11-4702-A5E2-D16F23101468}.Debug|Any CPU.Build.0 = Debug|Any CPU
		{6FE54035-9C11-4702-A5E2-D16F23101468}.Release|Any CPU.ActiveCfg = Release|Any CPU
		{6FE54035-9C11-4702-A5E2-D16F23101468}.Release|Any CPU.Build.0 = Release|Any CPU
		{073C361E-B8F4-49F5-93CC-72A3FF49C026}.Debug|Any CPU.ActiveCfg = Debug|Any CPU
		{073C361E-B8F4-49F5-93CC-72A3FF49C026}.Debug|Any CPU.Build.0 = Debug|Any CPU
		{073C361E-B8F4-49F5-93CC-72A3FF49C026}.Release|Any CPU.ActiveCfg = Release|Any CPU
		{073C361E-B8F4-49F5-93CC-72A3FF49C026}.Release|Any CPU.Build.0 = Release|Any CPU
		{E6D5BF0E-DE92-4D82-A352-EF04B37CB11C}.Debug|Any CPU.ActiveCfg = Debug|Any CPU
		{E6D5BF0E-DE92-4D82-A352-EF04B37CB11C}.Debug|Any CPU.Build.0 = Debug|Any CPU
		{E6D5BF0E-DE92-4D82-A352-EF04B37CB11C}.Release|Any CPU.ActiveCfg = Release|Any CPU
		{E6D5BF0E-DE92-4D82-A352-EF04B37CB11C}.Release|Any CPU.Build.0 = Release|Any CPU
		{70680696-BB1E-4383-BCB2-42C3767171FB}.Debug|Any CPU.ActiveCfg = Debug|Any CPU
		{70680696-BB1E-4383-BCB2-42C3767171FB}.Debug|Any CPU.Build.0 = Debug|Any CPU
		{70680696-BB1E-4383-BCB2-42C3767171FB}.Release|Any CPU.ActiveCfg = Release|Any CPU
		{70680696-BB1E-4383-BCB2-42C3767171FB}.Release|Any CPU.Build.0 = Release|Any CPU
		{CDD1C811-6065-4E57-A345-E2A56D2D0572}.Debug|Any CPU.ActiveCfg = Debug|Any CPU
		{CDD1C811-6065-4E57-A345-E2A56D2D0572}.Debug|Any CPU.Build.0 = Debug|Any CPU
		{CDD1C811-6065-4E57-A345-E2A56D2D0572}.Release|Any CPU.ActiveCfg = Release|Any CPU
		{CDD1C811-6065-4E57-A345-E2A56D2D0572}.Release|Any CPU.Build.0 = Release|Any CPU
		{1C1668AB-0C62-45B8-95D7-D81C212C68C2}.Debug|Any CPU.ActiveCfg = Debug|Any CPU
		{1C1668AB-0C62-45B8-95D7-D81C212C68C2}.Debug|Any CPU.Build.0 = Debug|Any CPU
		{1C1668AB-0C62-45B8-95D7-D81C212C68C2}.Release|Any CPU.ActiveCfg = Release|Any CPU
		{1C1668AB-0C62-45B8-95D7-D81C212C68C2}.Release|Any CPU.Build.0 = Release|Any CPU
		{DB9A436A-255C-4FAD-9F3E-FF4D3268069F}.Debug|Any CPU.ActiveCfg = Debug|Any CPU
		{DB9A436A-255C-4FAD-9F3E-FF4D3268069F}.Debug|Any CPU.Build.0 = Debug|Any CPU
		{DB9A436A-255C-4FAD-9F3E-FF4D3268069F}.Release|Any CPU.ActiveCfg = Release|Any CPU
		{DB9A436A-255C-4FAD-9F3E-FF4D3268069F}.Release|Any CPU.Build.0 = Release|Any CPU
		{F161F375-0F90-4CFA-9D47-178706E2BB51}.Debug|Any CPU.ActiveCfg = Debug|Any CPU
		{F161F375-0F90-4CFA-9D47-178706E2BB51}.Debug|Any CPU.Build.0 = Debug|Any CPU
		{F161F375-0F90-4CFA-9D47-178706E2BB51}.Release|Any CPU.ActiveCfg = Release|Any CPU
		{F161F375-0F90-4CFA-9D47-178706E2BB51}.Release|Any CPU.Build.0 = Release|Any CPU
		{6E1D95F0-0D1D-430D-A61B-EA79D2B527F6}.Debug|Any CPU.ActiveCfg = Debug|Any CPU
		{6E1D95F0-0D1D-430D-A61B-EA79D2B527F6}.Debug|Any CPU.Build.0 = Debug|Any CPU
		{6E1D95F0-0D1D-430D-A61B-EA79D2B527F6}.Release|Any CPU.ActiveCfg = Release|Any CPU
		{6E1D95F0-0D1D-430D-A61B-EA79D2B527F6}.Release|Any CPU.Build.0 = Release|Any CPU
	EndGlobalSection
	GlobalSection(SolutionProperties) = preSolution
		HideSolutionNode = FALSE
	EndGlobalSection
	GlobalSection(NestedProjects) = preSolution
		{554AD327-6DBA-4F8F-96F8-81CE7A0C863F} = {CA9AC87F-097E-4F15-8393-4BC07735A5B0}
		{1A94A50E-06DC-43C1-80B5-B662820EC3EB} = {CA9AC87F-097E-4F15-8393-4BC07735A5B0}
		{E3444355-D47E-431E-BDD0-DD3A7113B2AE} = {CA9AC87F-097E-4F15-8393-4BC07735A5B0}
		{42F719ED-8413-4895-B5B4-5AB56079BC66} = {CA9AC87F-097E-4F15-8393-4BC07735A5B0}
		{520659C8-C734-4298-A3DA-B539DB9DFC0B} = {CA9AC87F-097E-4F15-8393-4BC07735A5B0}
		{4164BDF7-F527-4E85-9CE6-E3C2D7426A27} = {CA9AC87F-097E-4F15-8393-4BC07735A5B0}
		{3B5A0094-670D-4BB1-BFDD-61B88A8773DC} = {CA9AC87F-097E-4F15-8393-4BC07735A5B0}
		{6FE54035-9C11-4702-A5E2-D16F23101468} = {CA9AC87F-097E-4F15-8393-4BC07735A5B0}
		{073C361E-B8F4-49F5-93CC-72A3FF49C026} = {CA9AC87F-097E-4F15-8393-4BC07735A5B0}
		{E6D5BF0E-DE92-4D82-A352-EF04B37CB11C} = {CA9AC87F-097E-4F15-8393-4BC07735A5B0}
		{70680696-BB1E-4383-BCB2-42C3767171FB} = {CA9AC87F-097E-4F15-8393-4BC07735A5B0}
		{CDD1C811-6065-4E57-A345-E2A56D2D0572} = {CA9AC87F-097E-4F15-8393-4BC07735A5B0}
		{1C1668AB-0C62-45B8-95D7-D81C212C68C2} = {CA9AC87F-097E-4F15-8393-4BC07735A5B0}
		{B5CC8424-1492-49E9-8103-B0946B52A35A} = {CA9AC87F-097E-4F15-8393-4BC07735A5B0}
		{DB9A436A-255C-4FAD-9F3E-FF4D3268069F} = {B5CC8424-1492-49E9-8103-B0946B52A35A}
		{F161F375-0F90-4CFA-9D47-178706E2BB51} = {CA9AC87F-097E-4F15-8393-4BC07735A5B0}
		{6E1D95F0-0D1D-430D-A61B-EA79D2B527F6} = {B5CC8424-1492-49E9-8103-B0946B52A35A}
	EndGlobalSection
	GlobalSection(ExtensibilityGlobals) = postSolution
		SolutionGuid = {516DED71-4230-607F-120F-423BB0A07293}
	EndGlobalSection
EndGlobal
